
Microsoft Visual Studio Solution File, Format Version 12.00
# Visual Studio 15
VisualStudioVersion = 15.0.27428.2002
MinimumVisualStudioVersion = 10.0.40219.1
Project("{FAE04EC0-301F-11D3-BF4B-00C04F79EFBC}") = "grupa_net_pk_binance_client", "grupa_net_pk_binance_client\grupa_net_pk_binance_client.csproj", "{C0255986-685F-4722-BFC2-0D715579DE57}"
EndProject
Global
	GlobalSection(SolutionConfigurationPlatforms) = preSolution
		Debug|Any CPU = Debug|Any CPU
		Release|Any CPU = Release|Any CPU
	EndGlobalSection
	GlobalSection(ProjectConfigurationPlatforms) = postSolution
		{C0255986-685F-4722-BFC2-0D715579DE57}.Debug|Any CPU.ActiveCfg = Debug|Any CPU
		{C0255986-685F-4722-BFC2-0D715579DE57}.Debug|Any CPU.Build.0 = Debug|Any CPU
		{C0255986-685F-4722-BFC2-0D715579DE57}.Release|Any CPU.ActiveCfg = Release|Any CPU
		{C0255986-685F-4722-BFC2-0D715579DE57}.Release|Any CPU.Build.0 = Release|Any CPU
	EndGlobalSection
	GlobalSection(SolutionProperties) = preSolution
		HideSolutionNode = FALSE
	EndGlobalSection
	GlobalSection(ExtensibilityGlobals) = postSolution
		SolutionGuid = {DD0F016E-4175-45A3-9BF2-B49C784739AC}
	EndGlobalSection
EndGlobal
